lockfileVersion: '9.0'

settings:
  autoInstallPeers: true
  excludeLinksFromLockfile: false

importers:

  .: {}

  apps/web:
    dependencies:
      '@anglog/shared':
        specifier: workspace:*
        version: link:../../packages/shared

  packages/infra:
    dependencies:
      '@anglog/shared':
        specifier: workspace:*
        version: link:../shared

  packages/shared: {}
